// !$*UTF8*$!
{
	archiveVersion = 1;
	classes = {
	};
	objectVersion = 56;
	objects = {

/* Begin PBXBuildFile section */
		91828BBC2A544BA100BD575D /* SHBreedPediaApp.swift in Sources */ = {isa = PBXBuildFile; fileRef = 91828BBB2A544BA100BD575D /* SHBreedPediaApp.swift */; };
		91828BBE2A544BA100BD575D /* ContentView.swift in Sources */ = {isa = PBXBuildFile; fileRef = 91828BBD2A544BA100BD575D /* ContentView.swift */; };
		91828BC02A544BA300BD575D /* Assets.xcassets in Resources */ = {isa = PBXBuildFile; fileRef = 91828BBF2A544BA300BD575D /* Assets.xcassets */; };
		91828BC32A544BA300BD575D /* Preview Assets.xcassets in Resources */ = {isa = PBXBuildFile; fileRef = 91828BC22A544BA300BD575D /* Preview Assets.xcassets */; };
		91828BC52A544BA300BD575D /* Persistence.swift in Sources */ = {isa = PBXBuildFile; fileRef = 91828BC42A544BA300BD575D /* Persistence.swift */; };
		91828BC82A544BA300BD575D /* SHBreedPedia.xcdatamodeld in Sources */ = {isa = PBXBuildFile; fileRef = 91828BC62A544BA300BD575D /* SHBreedPedia.xcdatamodeld */; };
		91828BD22A544BA300BD575D /* SHBreedPediaTests.swift in Sources */ = {isa = PBXBuildFile; fileRef = 91828BD12A544BA300BD575D /* SHBreedPediaTests.swift */; };
		91828BDC2A544BA300BD575D /* SHBreedPediaUITests.swift in Sources */ = {isa = PBXBuildFile; fileRef = 91828BDB2A544BA300BD575D /* SHBreedPediaUITests.swift */; };
		91828BDE2A544BA300BD575D /* SHBreedPediaUITestsLaunchTests.swift in Sources */ = {isa = PBXBuildFile; fileRef = 91828BDD2A544BA300BD575D /* SHBreedPediaUITestsLaunchTests.swift */; };
		91828BEB2A544ECC00BD575D /* README.md in Resources */ = {isa = PBXBuildFile; fileRef = 91828BEA2A544ECC00BD575D /* README.md */; };
		91828BED2A544EFE00BD575D /* LICENSE in Resources */ = {isa = PBXBuildFile; fileRef = 91828BEC2A544EFE00BD575D /* LICENSE */; };
/* End PBXBuildFile section */

/* Begin PBXContainerItemProxy section */
		91828BCE2A544BA300BD575D /* PBXContainerItemProxy */ = {
			isa = PBXContainerItemProxy;
			containerPortal = 91828BB02A544BA100BD575D /* Project object */;
			proxyType = 1;
			remoteGlobalIDString = 91828BB72A544BA100BD575D;
			remoteInfo = SHBreedPedia;
		};
		91828BD82A544BA300BD575D /* PBXContainerItemProxy */ = {
			isa = PBXContainerItemProxy;
			containerPortal = 91828BB02A544BA100BD575D /* Project object */;
			proxyType = 1;
			remoteGlobalIDString = 91828BB72A544BA100BD575D;
			remoteInfo = SHBreedPedia;
		};
/* End PBXContainerItemProxy section */

/* Begin PBXFileReference section */
		91828BB82A544BA100BD575D /* SHBreedPedia.app */ = {isa = PBXFileReference; explicitFileType = wrapper.application; includeInIndex = 0; path = SHBreedPedia.app; sourceTree = BUILT_PRODUCTS_DIR; };
		91828BBB2A544BA100BD575D /* SHBreedPediaApp.swift */ = {isa = PBXFileReference; lastKnownFileType = sourcecode.swift; path = SHBreedPediaApp.swift; sourceTree = "<group>"; };
		91828BBD2A544BA100BD575D /* ContentView.swift */ = {isa = PBXFileReference; lastKnownFileType = sourcecode.swift; path = ContentView.swift; sourceTree = "<group>"; };
		91828BBF2A544BA300BD575D /* Assets.xcassets */ = {isa = PBXFileReference; lastKnownFileType = folder.assetcatalog; path = Assets.xcassets; sourceTree = "<group>"; };
		91828BC22A544BA300BD575D /* Preview Assets.xcassets */ = {isa = PBXFileReference; lastKnownFileType = folder.assetcatalog; path = "Preview Assets.xcassets"; sourceTree = "<group>"; };
		91828BC42A544BA300BD575D /* Persistence.swift */ = {isa = PBXFileReference; lastKnownFileType = sourcecode.swift; path = Persistence.swift; sourceTree = "<group>"; };
		91828BC72A544BA300BD575D /* SHBreedPedia.xcdatamodel */ = {isa = PBXFileReference; lastKnownFileType = wrapper.xcdatamodel; path = SHBreedPedia.xcdatamodel; sourceTree = "<group>"; };
		91828BCD2A544BA300BD575D /* SHBreedPediaTests.xctest */ = {isa = PBXFileReference; explicitFileType = wrapper.cfbundle; includeInIndex = 0; path = SHBreedPediaTests.xctest; sourceTree = BUILT_PRODUCTS_DIR; };
		91828BD12A544BA300BD575D /* SHBreedPediaTests.swift */ = {isa = PBXFileReference; lastKnownFileType = sourcecode.swift; path = SHBreedPediaTests.swift; sourceTree = "<group>"; };
		91828BD72A544BA300BD575D /* SHBreedPediaUITests.xctest */ = {isa = PBXFileReference; explicitFileType = wrapper.cfbundle; includeInIndex = 0; path = SHBreedPediaUITests.xctest; sourceTree = BUILT_PRODUCTS_DIR; };
		91828BDB2A544BA300BD575D /* SHBreedPediaUITests.swift */ = {isa = PBXFileReference; lastKnownFileType = sourcecode.swift; path = SHBreedPediaUITests.swift; sourceTree = "<group>"; };
		91828BDD2A544BA300BD575D /* SHBreedPediaUITestsLaunchTests.swift */ = {isa = PBXFileReference; lastKnownFileType = sourcecode.swift; path = SHBreedPediaUITestsLaunchTests.swift; sourceTree = "<group>"; };
		91828BEA2A544ECC00BD575D /* README.md */ = {isa = PBXFileReference; fileEncoding = 4; lastKnownFileType = net.daringfireball.markdown; path = README.md; sourceTree = "<group>"; };
		91828BEC2A544EFE00BD575D /* LICENSE */ = {isa = PBXFileReference; fileEncoding = 4; lastKnownFileType = text; path = LICENSE; sourceTree = "<group>"; };
/* End PBXFileReference section */

/* Begin PBXFrameworksBuildPhase section */
		91828BB52A544BA100BD575D /* Frameworks */ = {
			isa = PBXFrameworksBuildPhase;
			buildActionMask = 2147483647;
			files = (
			);
			runOnlyForDeploymentPostprocessing = 0;
		};
		91828BCA2A544BA300BD575D /* Frameworks */ = {
			isa = PBXFrameworksBuildPhase;
			buildActionMask = 2147483647;
			files = (
			);
			runOnlyForDeploymentPostprocessing = 0;
		};
		91828BD42A544BA300BD575D /* Frameworks */ = {
			isa = PBXFrameworksBuildPhase;
			buildActionMask = 2147483647;
			files = (
			);
			runOnlyForDeploymentPostprocessing = 0;
		};
/* End PBXFrameworksBuildPhase section */

/* Begin PBXGroup section */
		91828BAF2A544BA100BD575D = {
			isa = PBXGroup;
			children = (
				91828BEC2A544EFE00BD575D /* LICENSE */,
				91828BEA2A544ECC00BD575D /* README.md */,
				91828BBA2A544BA100BD575D /* SHBreedPedia */,
				91828BD02A544BA300BD575D /* SHBreedPediaTests */,
				91828BDA2A544BA300BD575D /* SHBreedPediaUITests */,
				91828BB92A544BA100BD575D /* Products */,
			);
			sourceTree = "<group>";
		};
		91828BB92A544BA100BD575D /* Products */ = {
			isa = PBXGroup;
			children = (
				91828BB82A544BA100BD575D /* SHBreedPedia.app */,
				91828BCD2A544BA300BD575D /* SHBreedPediaTests.xctest */,
				91828BD72A544BA300BD575D /* SHBreedPediaUITests.xctest */,
			);
			name = Products;
			sourceTree = "<group>";
		};
		91828BBA2A544BA100BD575D /* SHBreedPedia */ = {
			isa = PBXGroup;
			children = (
				91828BBB2A544BA100BD575D /* SHBreedPediaApp.swift */,
				91828BBD2A544BA100BD575D /* ContentView.swift */,
				91828BBF2A544BA300BD575D /* Assets.xcassets */,
				91828BC42A544BA300BD575D /* Persistence.swift */,
				91828BC62A544BA300BD575D /* SHBreedPedia.xcdatamodeld */,
				91828BC12A544BA300BD575D /* Preview Content */,
			);
			path = SHBreedPedia;
			sourceTree = "<group>";
		};
		91828BC12A544BA300BD575D /* Preview Content */ = {
			isa = PBXGroup;
			children = (
				91828BC22A544BA300BD575D /* Preview Assets.xcassets */,
			);
			path = "Preview Content";
			sourceTree = "<group>";
		};
		91828BD02A544BA300BD575D /* SHBreedPediaTests */ = {
			isa = PBXGroup;
			children = (
				91828BD12A544BA300BD575D /* SHBreedPediaTests.swift */,
			);
			path = SHBreedPediaTests;
			sourceTree = "<group>";
		};
		91828BDA2A544BA300BD575D /* SHBreedPediaUITests */ = {
			isa = PBXGroup;
			children = (
				91828BDB2A544BA300BD575D /* SHBreedPediaUITests.swift */,
				91828BDD2A544BA300BD575D /* SHBreedPediaUITestsLaunchTests.swift */,
			);
			path = SHBreedPediaUITests;
			sourceTree = "<group>";
		};
/* End PBXGroup section */

/* Begin PBXNativeTarget section */
		91828BB72A544BA100BD575D /* SHBreedPedia */ = {
			isa = PBXNativeTarget;
			buildConfigurationList = 91828BE12A544BA300BD575D /* Build configuration list for PBXNativeTarget "SHBreedPedia" */;
			buildPhases = (
				91828BB42A544BA100BD575D /* Sources */,
				91828BB52A544BA100BD575D /* Frameworks */,
				91828BB62A544BA100BD575D /* Resources */,
			);
			buildRules = (
			);
			dependencies = (
			);
			name = SHBreedPedia;
			productName = SHBreedPedia;
			productReference = 91828BB82A544BA100BD575D /* SHBreedPedia.app */;
			productType = "com.apple.product-type.application";
		};
		91828BCC2A544BA300BD575D /* SHBreedPediaTests */ = {
			isa = PBXNativeTarget;
			buildConfigurationList = 91828BE42A544BA300BD575D /* Build configuration list for PBXNativeTarget "SHBreedPediaTests" */;
			buildPhases = (
				91828BC92A544BA300BD575D /* Sources */,
				91828BCA2A544BA300BD575D /* Frameworks */,
				91828BCB2A544BA300BD575D /* Resources */,
			);
			buildRules = (
			);
			dependencies = (
				91828BCF2A544BA300BD575D /* PBXTargetDependency */,
			);
			name = SHBreedPediaTests;
			productName = SHBreedPediaTests;
			productReference = 91828BCD2A544BA300BD575D /* SHBreedPediaTests.xctest */;
			productType = "com.apple.product-type.bundle.unit-test";
		};
		91828BD62A544BA300BD575D /* SHBreedPediaUITests */ = {
			isa = PBXNativeTarget;
			buildConfigurationList = 91828BE72A544BA300BD575D /* Build configuration list for PBXNativeTarget "SHBreedPediaUITests" */;
			buildPhases = (
				91828BD32A544BA300BD575D /* Sources */,
				91828BD42A544BA300BD575D /* Frameworks */,
				91828BD52A544BA300BD575D /* Resources */,
			);
			buildRules = (
			);
			dependencies = (
				91828BD92A544BA300BD575D /* PBXTargetDependency */,
			);
			name = SHBreedPediaUITests;
			productName = SHBreedPediaUITests;
			productReference = 91828BD72A544BA300BD575D /* SHBreedPediaUITests.xctest */;
			productType = "com.apple.product-type.bundle.ui-testing";
		};
/* End PBXNativeTarget section */

/* Begin PBXProject section */
		91828BB02A544BA100BD575D /* Project object */ = {
			isa = PBXProject;
			attributes = {
				BuildIndependentTargetsInParallel = 1;
				LastSwiftUpdateCheck = 1430;
				LastUpgradeCheck = 1430;
				TargetAttributes = {
					91828BB72A544BA100BD575D = {
						CreatedOnToolsVersion = 14.3.1;
					};
					91828BCC2A544BA300BD575D = {
						CreatedOnToolsVersion = 14.3.1;
						TestTargetID = 91828BB72A544BA100BD575D;
					};
					91828BD62A544BA300BD575D = {
						CreatedOnToolsVersion = 14.3.1;
						TestTargetID = 91828BB72A544BA100BD575D;
					};
				};
			};
			buildConfigurationList = 91828BB32A544BA100BD575D /* Build configuration list for PBXProject "SHBreedPedia" */;
			compatibilityVersion = "Xcode 14.0";
			developmentRegion = en;
			hasScannedForEncodings = 0;
			knownRegions = (
				en,
				Base,
			);
			mainGroup = 91828BAF2A544BA100BD575D;
			productRefGroup = 91828BB92A544BA100BD575D /* Products */;
			projectDirPath = "";
			projectRoot = "";
			targets = (
				91828BB72A544BA100BD575D /* SHBreedPedia */,
				91828BCC2A544BA300BD575D /* SHBreedPediaTests */,
				91828BD62A544BA300BD575D /* SHBreedPediaUITests */,
			);
		};
/* End PBXProject section */

/* Begin PBXResourcesBuildPhase section */
		91828BB62A544BA100BD575D /* Resources */ = {
			isa = PBXResourcesBuildPhase;
			buildActionMask = 2147483647;
			files = (
				91828BEB2A544ECC00BD575D /* README.md in Resources */,
				91828BC32A544BA300BD575D /* Preview Assets.xcassets in Resources */,
				91828BED2A544EFE00BD575D /* LICENSE in Resources */,
				91828BC02A544BA300BD575D /* Assets.xcassets in Resources */,
			);
			runOnlyForDeploymentPostprocessing = 0;
		};
		91828BCB2A544BA300BD575D /* Resources */ = {
			isa = PBXResourcesBuildPhase;
			buildActionMask = 2147483647;
			files = (
			);
			runOnlyForDeploymentPostprocessing = 0;
		};
		91828BD52A544BA300BD575D /* Resources */ = {
			isa = PBXResourcesBuildPhase;
			buildActionMask = 2147483647;
			files = (
			);
			runOnlyForDeploymentPostprocessing = 0;
		};
/* End PBXResourcesBuildPhase section */

/* Begin PBXSourcesBuildPhase section */
		91828BB42A544BA100BD575D /* Sources */ = {
			isa = PBXSourcesBuildPhase;
			buildActionMask = 2147483647;
			files = (
				91828BC52A544BA300BD575D /* Persistence.swift in Sources */,
				91828BC82A544BA300BD575D /* SHBreedPedia.xcdatamodeld in Sources */,
				91828BBE2A544BA100BD575D /* ContentView.swift in Sources */,
				91828BBC2A544BA100BD575D /* SHBreedPediaApp.swift in Sources */,
			);
			runOnlyForDeploymentPostprocessing = 0;
		};
		91828BC92A544BA300BD575D /* Sources */ = {
			isa = PBXSourcesBuildPhase;
			buildActionMask = 2147483647;
			files = (
				91828BD22A544BA300BD575D /* SHBreedPediaTests.swift in Sources */,
			);
			runOnlyForDeploymentPostprocessing = 0;
		};
		91828BD32A544BA300BD575D /* Sources */ = {
			isa = PBXSourcesBuildPhase;
			buildActionMask = 2147483647;
			files = (
				91828BDE2A544BA300BD575D /* SHBreedPediaUITestsLaunchTests.swift in Sources */,
				91828BDC2A544BA300BD575D /* SHBreedPediaUITests.swift in Sources */,
			);
			runOnlyForDeploymentPostprocessing = 0;
		};
/* End PBXSourcesBuildPhase section */

/* Begin PBXTargetDependency section */
		91828BCF2A544BA300BD575D /* PBXTargetDependency */ = {
			isa = PBXTargetDependency;
			target = 91828BB72A544BA100BD575D /* SHBreedPedia */;
			targetProxy = 91828BCE2A544BA300BD575D /* PBXContainerItemProxy */;
		};
		91828BD92A544BA300BD575D /* PBXTargetDependency */ = {
			isa = PBXTargetDependency;
			target = 91828BB72A544BA100BD575D /* SHBreedPedia */;
			targetProxy = 91828BD82A544BA300BD575D /* PBXContainerItemProxy */;
		};
/* End PBXTargetDependency section */

/* Begin XCBuildConfiguration section */
		91828BDF2A544BA300BD575D /* Debug */ = {
			isa = XCBuildConfiguration;
			buildSettings = {
				ALWAYS_SEARCH_USER_PATHS = NO;
				CLANG_ANALYZER_NONNULL = YES;
				CLANG_ANALYZER_NUMBER_OBJECT_CONVERSION = YES_AGGRESSIVE;
				CLANG_CXX_LANGUAGE_STANDARD = "gnu++20";
				CLANG_ENABLE_MODULES = YES;
				CLANG_ENABLE_OBJC_ARC = YES;
				CLANG_ENABLE_OBJC_WEAK = YES;
				CLANG_WARN_BLOCK_CAPTURE_AUTORELEASING = YES;
				CLANG_WARN_BOOL_CONVERSION = YES;
				CLANG_WARN_COMMA = YES;
				CLANG_WARN_CONSTANT_CONVERSION = YES;
				CLANG_WARN_DEPRECATED_OBJC_IMPLEMENTATIONS = YES;
				CLANG_WARN_DIRECT_OBJC_ISA_USAGE = YES_ERROR;
				CLANG_WARN_DOCUMENTATION_COMMENTS = YES;
				CLANG_WARN_EMPTY_BODY = YES;
				CLANG_WARN_ENUM_CONVERSION = YES;
				CLANG_WARN_INFINITE_RECURSION = YES;
				CLANG_WARN_INT_CONVERSION = YES;
				CLANG_WARN_NON_LITERAL_NULL_CONVERSION = YES;
				CLANG_WARN_OBJC_IMPLICIT_RETAIN_SELF = YES;
				CLANG_WARN_OBJC_LITERAL_CONVERSION = YES;
				CLANG_WARN_OBJC_ROOT_CLASS = YES_ERROR;
				CLANG_WARN_QUOTED_INCLUDE_IN_FRAMEWORK_HEADER = YES;
				CLANG_WARN_RANGE_LOOP_ANALYSIS = YES;
				CLANG_WARN_STRICT_PROTOTYPES = YES;
				CLANG_WARN_SUSPICIOUS_MOVE = YES;
				CLANG_WARN_UNGUARDED_AVAILABILITY = YES_AGGRESSIVE;
				CLANG_WARN_UNREACHABLE_CODE = YES;
				CLANG_WARN__DUPLICATE_METHOD_MATCH = YES;
				COPY_PHASE_STRIP = NO;
				DEBUG_INFORMATION_FORMAT = dwarf;
				ENABLE_STRICT_OBJC_MSGSEND = YES;
				ENABLE_TESTABILITY = YES;
				GCC_C_LANGUAGE_STANDARD = gnu11;
				GCC_DYNAMIC_NO_PIC = NO;
				GCC_NO_COMMON_BLOCKS = YES;
				GCC_OPTIMIZATION_LEVEL = 0;
				GCC_PREPROCESSOR_DEFINITIONS = (
					"DEBUG=1",
					"$(inherited)",
				);
				GCC_WARN_64_TO_32_BIT_CONVERSION = YES;
				GCC_WARN_ABOUT_RETURN_TYPE = YES_ERROR;
				GCC_WARN_UNDECLARED_SELECTOR = YES;
				GCC_WARN_UNINITIALIZED_AUTOS = YES_AGGRESSIVE;
				GCC_WARN_UNUSED_FUNCTION = YES;
				GCC_WARN_UNUSED_VARIABLE = YES;
				IPHONEOS_DEPLOYMENT_TARGET = 16.4;
				MTL_ENABLE_DEBUG_INFO = INCLUDE_SOURCE;
				MTL_FAST_MATH = YES;
				ONLY_ACTIVE_ARCH = YES;
				SDKROOT = iphoneos;
				SWIFT_ACTIVE_COMPILATION_CONDITIONS = DEBUG;
				SWIFT_OPTIMIZATION_LEVEL = "-Onone";
			};
			name = Debug;
		};
		91828BE02A544BA300BD575D /* Release */ = {
			isa = XCBuildConfiguration;
			buildSettings = {
				ALWAYS_SEARCH_USER_PATHS = NO;
				CLANG_ANALYZER_NONNULL = YES;
				CLANG_ANALYZER_NUMBER_OBJECT_CONVERSION = YES_AGGRESSIVE;
				CLANG_CXX_LANGUAGE_STANDARD = "gnu++20";
				CLANG_ENABLE_MODULES = YES;
				CLANG_ENABLE_OBJC_ARC = YES;
				CLANG_ENABLE_OBJC_WEAK = YES;
				CLANG_WARN_BLOCK_CAPTURE_AUTORELEASING = YES;
				CLANG_WARN_BOOL_CONVERSION = YES;
				CLANG_WARN_COMMA = YES;
				CLANG_WARN_CONSTANT_CONVERSION = YES;
				CLANG_WARN_DEPRECATED_OBJC_IMPLEMENTATIONS = YES;
				CLANG_WARN_DIRECT_OBJC_ISA_USAGE = YES_ERROR;
				CLANG_WARN_DOCUMENTATION_COMMENTS = YES;
				CLANG_WARN_EMPTY_BODY = YES;
				CLANG_WARN_ENUM_CONVERSION = YES;
				CLANG_WARN_INFINITE_RECURSION = YES;
				CLANG_WARN_INT_CONVERSION = YES;
				CLANG_WARN_NON_LITERAL_NULL_CONVERSION = YES;
				CLANG_WARN_OBJC_IMPLICIT_RETAIN_SELF = YES;
				CLANG_WARN_OBJC_LITERAL_CONVERSION = YES;
				CLANG_WARN_OBJC_ROOT_CLASS = YES_ERROR;
				CLANG_WARN_QUOTED_INCLUDE_IN_FRAMEWORK_HEADER = YES;
				CLANG_WARN_RANGE_LOOP_ANALYSIS = YES;
				CLANG_WARN_STRICT_PROTOTYPES = YES;
				CLANG_WARN_SUSPICIOUS_MOVE = YES;
				CLANG_WARN_UNGUARDED_AVAILABILITY = YES_AGGRESSIVE;
				CLANG_WARN_UNREACHABLE_CODE = YES;
				CLANG_WARN__DUPLICATE_METHOD_MATCH = YES;
				COPY_PHASE_STRIP = NO;
				DEBUG_INFORMATION_FORMAT = "dwarf-with-dsym";
				ENABLE_NS_ASSERTIONS = NO;
				ENABLE_STRICT_OBJC_MSGSEND = YES;
				GCC_C_LANGUAGE_STANDARD = gnu11;
				GCC_NO_COMMON_BLOCKS = YES;
				GCC_WARN_64_TO_32_BIT_CONVERSION = YES;
				GCC_WARN_ABOUT_RETURN_TYPE = YES_ERROR;
				GCC_WARN_UNDECLARED_SELECTOR = YES;
				GCC_WARN_UNINITIALIZED_AUTOS = YES_AGGRESSIVE;
				GCC_WARN_UNUSED_FUNCTION = YES;
				GCC_WARN_UNUSED_VARIABLE = YES;
				IPHONEOS_DEPLOYMENT_TARGET = 16.4;
				MTL_ENABLE_DEBUG_INFO = NO;
				MTL_FAST_MATH = YES;
				SDKROOT = iphoneos;
				SWIFT_COMPILATION_MODE = wholemodule;
				SWIFT_OPTIMIZATION_LEVEL = "-O";
				VALIDATE_PRODUCT = YES;
			};
			name = Release;
		};
		91828BE22A544BA300BD575D /* Debug */ = {
			isa = XCBuildConfiguration;
			buildSettings = {
				ASSETCATALOG_COMPILER_APPICON_NAME = AppIcon;
				ASSETCATALOG_COMPILER_GLOBAL_ACCENT_COLOR_NAME = AccentColor;
				CODE_SIGN_STYLE = Automatic;
				CURRENT_PROJECT_VERSION = 1;
				DEVELOPMENT_ASSET_PATHS = "\"SHBreedPedia/Preview Content\"";
				DEVELOPMENT_TEAM = 7NHAWA2FZV;
				ENABLE_PREVIEWS = YES;
				GENERATE_INFOPLIST_FILE = YES;
				INFOPLIST_KEY_UIApplicationSceneManifest_Generation = YES;
				INFOPLIST_KEY_UIApplicationSupportsIndirectInputEvents = YES;
				INFOPLIST_KEY_UILaunchScreen_Generation = YES;
				INFOPLIST_KEY_UISupportedInterfaceOrientations_iPad = "UIInterfaceOrientationPortrait UIInterfaceOrientationPortraitUpsideDown UIInterfaceOrientationLandscapeLeft UIInterfaceOrientationLandscapeRight";
				INFOPLIST_KEY_UISupportedInterfaceOrientations_iPhone = "UIInterfaceOrientationPortrait UIInterfaceOrientationLandscapeLeft UIInterfaceOrientationLandscapeRight";
				LD_RUNPATH_SEARCH_PATHS = (
					"$(inherited)",
					"@executable_path/Frameworks",
				);
				MARKETING_VERSION = 1.0;
				PRODUCT_BUNDLE_IDENTIFIER = viniciusgibran.SHBreedPedia;
				PRODUCT_NAME = "$(TARGET_NAME)";
				SWIFT_EMIT_LOC_STRINGS = YES;
				SWIFT_VERSION = 5.0;
				TARGETED_DEVICE_FAMILY = "1,2";
			};
			name = Debug;
		};
		91828BE32A544BA300BD575D /* Release */ = {
			isa = XCBuildConfiguration;
			buildSettings = {
				ASSETCATALOG_COMPILER_APPICON_NAME = AppIcon;
				ASSETCATALOG_COMPILER_GLOBAL_ACCENT_COLOR_NAME = AccentColor;
				CODE_SIGN_STYLE = Automatic;
				CURRENT_PROJECT_VERSION = 1;
				DEVELOPMENT_ASSET_PATHS = "\"SHBreedPedia/Preview Content\"";
				DEVELOPMENT_TEAM = 7NHAWA2FZV;
				ENABLE_PREVIEWS = YES;
				GENERATE_INFOPLIST_FILE = YES;
				INFOPLIST_KEY_UIApplicationSceneManifest_Generation = YES;
				INFOPLIST_KEY_UIApplicationSupportsIndirectInputEvents = YES;
				INFOPLIST_KEY_UILaunchScreen_Generation = YES;
				INFOPLIST_KEY_UISupportedInterfaceOrientations_iPad = "UIInterfaceOrientationPortrait UIInterfaceOrientationPortraitUpsideDown UIInterfaceOrientationLandscapeLeft UIInterfaceOrientationLandscapeRight";
				INFOPLIST_KEY_UISupportedInterfaceOrientations_iPhone = "UIInterfaceOrientationPortrait UIInterfaceOrientationLandscapeLeft UIInterfaceOrientationLandscapeRight";
				LD_RUNPATH_SEARCH_PATHS = (
					"$(inherited)",
					"@executable_path/Frameworks",
				);
				MARKETING_VERSION = 1.0;
				PRODUCT_BUNDLE_IDENTIFIER = viniciusgibran.SHBreedPedia;
				PRODUCT_NAME = "$(TARGET_NAME)";
				SWIFT_EMIT_LOC_STRINGS = YES;
				SWIFT_VERSION = 5.0;
				TARGETED_DEVICE_FAMILY = "1,2";
			};
			name = Release;
		};
		91828BE52A544BA300BD575D /* Debug */ = {
			isa = XCBuildConfiguration;
			buildSettings = {
				ALWAYS_EMBED_SWIFT_STANDARD_LIBRARIES = YES;
				BUNDLE_LOADER = "$(TEST_HOST)";
				CODE_SIGN_STYLE = Automatic;
				CURRENT_PROJECT_VERSION = 1;
				DEVELOPMENT_TEAM = 7NHAWA2FZV;
				GENERATE_INFOPLIST_FILE = YES;
				IPHONEOS_DEPLOYMENT_TARGET = 16.4;
				MARKETING_VERSION = 1.0;
				PRODUCT_BUNDLE_IDENTIFIER = viniciusgibran.SHBreedPediaTests;
				PRODUCT_NAME = "$(TARGET_NAME)";
				SWIFT_EMIT_LOC_STRINGS = NO;
				SWIFT_VERSION = 5.0;
				TARGETED_DEVICE_FAMILY = "1,2";
				TEST_HOST = "$(BUILT_PRODUCTS_DIR)/SHBreedPedia.app/$(BUNDLE_EXECUTABLE_FOLDER_PATH)/SHBreedPedia";
			};
			name = Debug;
		};
		91828BE62A544BA300BD575D /* Release */ = {
			isa = XCBuildConfiguration;
			buildSettings = {
				ALWAYS_EMBED_SWIFT_STANDARD_LIBRARIES = YES;
				BUNDLE_LOADER = "$(TEST_HOST)";
				CODE_SIGN_STYLE = Automatic;
				CURRENT_PROJECT_VERSION = 1;
				DEVELOPMENT_TEAM = 7NHAWA2FZV;
				GENERATE_INFOPLIST_FILE = YES;
				IPHONEOS_DEPLOYMENT_TARGET = 16.4;
				MARKETING_VERSION = 1.0;
				PRODUCT_BUNDLE_IDENTIFIER = viniciusgibran.SHBreedPediaTests;
				PRODUCT_NAME = "$(TARGET_NAME)";
				SWIFT_EMIT_LOC_STRINGS = NO;
				SWIFT_VERSION = 5.0;
				TARGETED_DEVICE_FAMILY = "1,2";
				TEST_HOST = "$(BUILT_PRODUCTS_DIR)/SHBreedPedia.app/$(BUNDLE_EXECUTABLE_FOLDER_PATH)/SHBreedPedia";
			};
			name = Release;
		};
		91828BE82A544BA300BD575D /* Debug */ = {
			isa = XCBuildConfiguration;
			buildSettings = {
				ALWAYS_EMBED_SWIFT_STANDARD_LIBRARIES = YES;
				CODE_SIGN_STYLE = Automatic;
				CURRENT_PROJECT_VERSION = 1;
				DEVELOPMENT_TEAM = 7NHAWA2FZV;
				GENERATE_INFOPLIST_FILE = YES;
				MARKETING_VERSION = 1.0;
				PRODUCT_BUNDLE_IDENTIFIER = viniciusgibran.SHBreedPediaUITests;
				PRODUCT_NAME = "$(TARGET_NAME)";
				SWIFT_EMIT_LOC_STRINGS = NO;
				SWIFT_VERSION = 5.0;
				TARGETED_DEVICE_FAMILY = "1,2";
				TEST_TARGET_NAME = SHBreedPedia;
			};
			name = Debug;
		};
		91828BE92A544BA300BD575D /* Release */ = {
			isa = XCBuildConfiguration;
			buildSettings = {
				ALWAYS_EMBED_SWIFT_STANDARD_LIBRARIES = YES;
				CODE_SIGN_STYLE = Automatic;
				CURRENT_PROJECT_VERSION = 1;
				DEVELOPMENT_TEAM = 7NHAWA2FZV;
				GENERATE_INFOPLIST_FILE = YES;
				MARKETING_VERSION = 1.0;
				PRODUCT_BUNDLE_IDENTIFIER = viniciusgibran.SHBreedPediaUITests;
				PRODUCT_NAME = "$(TARGET_NAME)";
				SWIFT_EMIT_LOC_STRINGS = NO;
				SWIFT_VERSION = 5.0;
				TARGETED_DEVICE_FAMILY = "1,2";
				TEST_TARGET_NAME = SHBreedPedia;
			};
			name = Release;
		};
/* End XCBuildConfiguration section */

/* Begin XCConfigurationList section */
		91828BB32A544BA100BD575D /* Build configuration list for PBXProject "SHBreedPedia" */ = {
			isa = XCConfigurationList;
			buildConfigurations = (
				91828BDF2A544BA300BD575D /* Debug */,
				91828BE02A544BA300BD575D /* Release */,
			);
			defaultConfigurationIsVisible = 0;
			defaultConfigurationName = Release;
		};
		91828BE12A544BA300BD575D /* Build configuration list for PBXNativeTarget "SHBreedPedia" */ = {
			isa = XCConfigurationList;
			buildConfigurations = (
				91828BE22A544BA300BD575D /* Debug */,
				91828BE32A544BA300BD575D /* Release */,
			);
			defaultConfigurationIsVisible = 0;
			defaultConfigurationName = Release;
		};
		91828BE42A544BA300BD575D /* Build configuration list for PBXNativeTarget "SHBreedPediaTests" */ = {
			isa = XCConfigurationList;
			buildConfigurations = (
				91828BE52A544BA300BD575D /* Debug */,
				91828BE62A544BA300BD575D /* Release */,
			);
			defaultConfigurationIsVisible = 0;
			defaultConfigurationName = Release;
		};
		91828BE72A544BA300BD575D /* Build configuration list for PBXNativeTarget "SHBreedPediaUITests" */ = {
			isa = XCConfigurationList;
			buildConfigurations = (
				91828BE82A544BA300BD575D /* Debug */,
				91828BE92A544BA300BD575D /* Release */,
			);
			defaultConfigurationIsVisible = 0;
			defaultConfigurationName = Release;
		};
/* End XCConfigurationList section */

/* Begin XCVersionGroup section */
		91828BC62A544BA300BD575D /* SHBreedPedia.xcdatamodeld */ = {
			isa = XCVersionGroup;
			children = (
				91828BC72A544BA300BD575D /* SHBreedPedia.xcdatamodel */,
			);
			currentVersion = 91828BC72A544BA300BD575D /* SHBreedPedia.xcdatamodel */;
			path = SHBreedPedia.xcdatamodeld;
			sourceTree = "<group>";
			versionGroupType = wrapper.xcdatamodel;
		};
/* End XCVersionGroup section */
	};
	rootObject = 91828BB02A544BA100BD575D /* Project object */;
}
