// !$*UTF8*$!
{
	archiveVersion = 1;
	classes = {
	};
	objectVersion = 56;
	objects = {

/* Begin PBXBuildFile section */
		913686632A56F10700C85A37 /* AppDelegate.swift in Sources */ = {isa = PBXBuildFile; fileRef = 913686622A56F10700C85A37 /* AppDelegate.swift */; };
		913686652A56F10700C85A37 /* SceneDelegate.swift in Sources */ = {isa = PBXBuildFile; fileRef = 913686642A56F10700C85A37 /* SceneDelegate.swift */; };
		9136866D2A56F10700C85A37 /* SHBreedPedia.xcdatamodeld in Sources */ = {isa = PBXBuildFile; fileRef = 9136866B2A56F10700C85A37 /* SHBreedPedia.xcdatamodeld */; };
		9136866F2A56F10B00C85A37 /* Assets.xcassets in Resources */ = {isa = PBXBuildFile; fileRef = 9136866E2A56F10B00C85A37 /* Assets.xcassets */; };
		913686722A56F10B00C85A37 /* LaunchScreen.storyboard in Resources */ = {isa = PBXBuildFile; fileRef = 913686702A56F10B00C85A37 /* LaunchScreen.storyboard */; };
		9136867D2A56F10B00C85A37 /* SHBreedPediaTests.swift in Sources */ = {isa = PBXBuildFile; fileRef = 9136867C2A56F10B00C85A37 /* SHBreedPediaTests.swift */; };
		913686872A56F10B00C85A37 /* SHBreedPediaUITests.swift in Sources */ = {isa = PBXBuildFile; fileRef = 913686862A56F10B00C85A37 /* SHBreedPediaUITests.swift */; };
		913686892A56F10B00C85A37 /* SHBreedPediaUITestsLaunchTests.swift in Sources */ = {isa = PBXBuildFile; fileRef = 913686882A56F10B00C85A37 /* SHBreedPediaUITestsLaunchTests.swift */; };
		913686972A56F14700C85A37 /* README.md in Resources */ = {isa = PBXBuildFile; fileRef = 913686952A56F14700C85A37 /* README.md */; };
		913686982A56F14700C85A37 /* LICENSE in Resources */ = {isa = PBXBuildFile; fileRef = 913686962A56F14700C85A37 /* LICENSE */; };
		913686A12A56F41B00C85A37 /* Coordinator.swift in Sources */ = {isa = PBXBuildFile; fileRef = 913686A02A56F41B00C85A37 /* Coordinator.swift */; };
		913686AA2A56F4DF00C85A37 /* UIColor+Extension.swift in Sources */ = {isa = PBXBuildFile; fileRef = 913686A52A56F4DE00C85A37 /* UIColor+Extension.swift */; };
		913686AB2A56F4DF00C85A37 /* TextFieldPublisher.swift in Sources */ = {isa = PBXBuildFile; fileRef = 913686A62A56F4DE00C85A37 /* TextFieldPublisher.swift */; };
		913686AC2A56F4DF00C85A37 /* UIStackView+Extension.swift in Sources */ = {isa = PBXBuildFile; fileRef = 913686A72A56F4DE00C85A37 /* UIStackView+Extension.swift */; };
		913686AD2A56F4DF00C85A37 /* ButtonPublisher.swift in Sources */ = {isa = PBXBuildFile; fileRef = 913686A82A56F4DE00C85A37 /* ButtonPublisher.swift */; };
		913686AE2A56F4DF00C85A37 /* UIView+Extension.Constraints.swift in Sources */ = {isa = PBXBuildFile; fileRef = 913686A92A56F4DF00C85A37 /* UIView+Extension.Constraints.swift */; };
		913686B02A56F51500C85A37 /* BreedDetailViewController.swift in Sources */ = {isa = PBXBuildFile; fileRef = 913686AF2A56F51500C85A37 /* BreedDetailViewController.swift */; };
		913686B22A56F52300C85A37 /* BreedSearchViewController.swift in Sources */ = {isa = PBXBuildFile; fileRef = 913686B12A56F52300C85A37 /* BreedSearchViewController.swift */; };
		913686B42A56F52F00C85A37 /* BreedListViewController.swift in Sources */ = {isa = PBXBuildFile; fileRef = 913686B32A56F52F00C85A37 /* BreedListViewController.swift */; };
		913686B72A56F78D00C85A37 /* Breed.swift in Sources */ = {isa = PBXBuildFile; fileRef = 913686B62A56F78D00C85A37 /* Breed.swift */; };
		913686BA2A56F80C00C85A37 /* APIService.swift in Sources */ = {isa = PBXBuildFile; fileRef = 913686B92A56F80B00C85A37 /* APIService.swift */; };
		913686BF2A5712AF00C85A37 /* Kingfisher in Frameworks */ = {isa = PBXBuildFile; productRef = 913686BE2A5712AF00C85A37 /* Kingfisher */; };
/* End PBXBuildFile section */

/* Begin PBXContainerItemProxy section */
		913686792A56F10B00C85A37 /* PBXContainerItemProxy */ = {
			isa = PBXContainerItemProxy;
			containerPortal = 913686572A56F10700C85A37 /* Project object */;
			proxyType = 1;
			remoteGlobalIDString = 9136865E2A56F10700C85A37;
			remoteInfo = SHBreedPedia;
		};
		913686832A56F10B00C85A37 /* PBXContainerItemProxy */ = {
			isa = PBXContainerItemProxy;
			containerPortal = 913686572A56F10700C85A37 /* Project object */;
			proxyType = 1;
			remoteGlobalIDString = 9136865E2A56F10700C85A37;
			remoteInfo = SHBreedPedia;
		};
/* End PBXContainerItemProxy section */

/* Begin PBXFileReference section */
		9136865F2A56F10700C85A37 /* SHBreedPedia.app */ = {isa = PBXFileReference; explicitFileType = wrapper.application; includeInIndex = 0; path = SHBreedPedia.app; sourceTree = BUILT_PRODUCTS_DIR; };
		913686622A56F10700C85A37 /* AppDelegate.swift */ = {isa = PBXFileReference; lastKnownFileType = sourcecode.swift; path = AppDelegate.swift; sourceTree = "<group>"; };
		913686642A56F10700C85A37 /* SceneDelegate.swift */ = {isa = PBXFileReference; lastKnownFileType = sourcecode.swift; path = SceneDelegate.swift; sourceTree = "<group>"; };
		9136866C2A56F10700C85A37 /* SHBreedPedia.xcdatamodel */ = {isa = PBXFileReference; lastKnownFileType = wrapper.xcdatamodel; path = SHBreedPedia.xcdatamodel; sourceTree = "<group>"; };
		9136866E2A56F10B00C85A37 /* Assets.xcassets */ = {isa = PBXFileReference; lastKnownFileType = folder.assetcatalog; path = Assets.xcassets; sourceTree = "<group>"; };
		913686712A56F10B00C85A37 /* Base */ = {isa = PBXFileReference; lastKnownFileType = file.storyboard; name = Base; path = Base.lproj/LaunchScreen.storyboard; sourceTree = "<group>"; };
		913686732A56F10B00C85A37 /* Info.plist */ = {isa = PBXFileReference; lastKnownFileType = text.plist.xml; path = Info.plist; sourceTree = "<group>"; };
		913686782A56F10B00C85A37 /* SHBreedPediaTests.xctest */ = {isa = PBXFileReference; explicitFileType = wrapper.cfbundle; includeInIndex = 0; path = SHBreedPediaTests.xctest; sourceTree = BUILT_PRODUCTS_DIR; };
		9136867C2A56F10B00C85A37 /* SHBreedPediaTests.swift */ = {isa = PBXFileReference; lastKnownFileType = sourcecode.swift; path = SHBreedPediaTests.swift; sourceTree = "<group>"; };
		913686822A56F10B00C85A37 /* SHBreedPediaUITests.xctest */ = {isa = PBXFileReference; explicitFileType = wrapper.cfbundle; includeInIndex = 0; path = SHBreedPediaUITests.xctest; sourceTree = BUILT_PRODUCTS_DIR; };
		913686862A56F10B00C85A37 /* SHBreedPediaUITests.swift */ = {isa = PBXFileReference; lastKnownFileType = sourcecode.swift; path = SHBreedPediaUITests.swift; sourceTree = "<group>"; };
		913686882A56F10B00C85A37 /* SHBreedPediaUITestsLaunchTests.swift */ = {isa = PBXFileReference; lastKnownFileType = sourcecode.swift; path = SHBreedPediaUITestsLaunchTests.swift; sourceTree = "<group>"; };
		913686952A56F14700C85A37 /* README.md */ = {isa = PBXFileReference; fileEncoding = 4; lastKnownFileType = net.daringfireball.markdown; path = README.md; sourceTree = "<group>"; };
		913686962A56F14700C85A37 /* LICENSE */ = {isa = PBXFileReference; fileEncoding = 4; lastKnownFileType = text; path = LICENSE; sourceTree = "<group>"; };
		913686A02A56F41B00C85A37 /* Coordinator.swift */ = {isa = PBXFileReference; fileEncoding = 4; lastKnownFileType = sourcecode.swift; path = Coordinator.swift; sourceTree = "<group>"; };
		913686A52A56F4DE00C85A37 /* UIColor+Extension.swift */ = {isa = PBXFileReference; fileEncoding = 4; lastKnownFileType = sourcecode.swift; path = "UIColor+Extension.swift"; sourceTree = "<group>"; };
		913686A62A56F4DE00C85A37 /* TextFieldPublisher.swift */ = {isa = PBXFileReference; fileEncoding = 4; lastKnownFileType = sourcecode.swift; path = TextFieldPublisher.swift; sourceTree = "<group>"; };
		913686A72A56F4DE00C85A37 /* UIStackView+Extension.swift */ = {isa = PBXFileReference; fileEncoding = 4; lastKnownFileType = sourcecode.swift; path = "UIStackView+Extension.swift"; sourceTree = "<group>"; };
		913686A82A56F4DE00C85A37 /* ButtonPublisher.swift */ = {isa = PBXFileReference; fileEncoding = 4; lastKnownFileType = sourcecode.swift; path = ButtonPublisher.swift; sourceTree = "<group>"; };
		913686A92A56F4DF00C85A37 /* UIView+Extension.Constraints.swift */ = {isa = PBXFileReference; fileEncoding = 4; lastKnownFileType = sourcecode.swift; path = "UIView+Extension.Constraints.swift"; sourceTree = "<group>"; };
		913686AF2A56F51500C85A37 /* BreedDetailViewController.swift */ = {isa = PBXFileReference; lastKnownFileType = sourcecode.swift; path = BreedDetailViewController.swift; sourceTree = "<group>"; };
		913686B12A56F52300C85A37 /* BreedSearchViewController.swift */ = {isa = PBXFileReference; lastKnownFileType = sourcecode.swift; path = BreedSearchViewController.swift; sourceTree = "<group>"; };
		913686B32A56F52F00C85A37 /* BreedListViewController.swift */ = {isa = PBXFileReference; lastKnownFileType = sourcecode.swift; path = BreedListViewController.swift; sourceTree = "<group>"; };
		913686B62A56F78D00C85A37 /* Breed.swift */ = {isa = PBXFileReference; lastKnownFileType = sourcecode.swift; path = Breed.swift; sourceTree = "<group>"; };
		913686B92A56F80B00C85A37 /* APIService.swift */ = {isa = PBXFileReference; fileEncoding = 4; lastKnownFileType = sourcecode.swift; path = APIService.swift; sourceTree = "<group>"; };
/* End PBXFileReference section */

/* Begin PBXFrameworksBuildPhase section */
		9136865C2A56F10700C85A37 /* Frameworks */ = {
			isa = PBXFrameworksBuildPhase;
			buildActionMask = 2147483647;
			files = (
				913686BF2A5712AF00C85A37 /* Kingfisher in Frameworks */,
			);
			runOnlyForDeploymentPostprocessing = 0;
		};
		913686752A56F10B00C85A37 /* Frameworks */ = {
			isa = PBXFrameworksBuildPhase;
			buildActionMask = 2147483647;
			files = (
			);
			runOnlyForDeploymentPostprocessing = 0;
		};
		9136867F2A56F10B00C85A37 /* Frameworks */ = {
			isa = PBXFrameworksBuildPhase;
			buildActionMask = 2147483647;
			files = (
			);
			runOnlyForDeploymentPostprocessing = 0;
		};
/* End PBXFrameworksBuildPhase section */

/* Begin PBXGroup section */
		913686562A56F10700C85A37 = {
			isa = PBXGroup;
			children = (
				913686962A56F14700C85A37 /* LICENSE */,
				913686952A56F14700C85A37 /* README.md */,
				913686612A56F10700C85A37 /* SHBreedPedia */,
				9136867B2A56F10B00C85A37 /* SHBreedPediaTests */,
				913686852A56F10B00C85A37 /* SHBreedPediaUITests */,
				913686602A56F10700C85A37 /* Products */,
			);
			sourceTree = "<group>";
		};
		913686602A56F10700C85A37 /* Products */ = {
			isa = PBXGroup;
			children = (
				9136865F2A56F10700C85A37 /* SHBreedPedia.app */,
				913686782A56F10B00C85A37 /* SHBreedPediaTests.xctest */,
				913686822A56F10B00C85A37 /* SHBreedPediaUITests.xctest */,
			);
			name = Products;
			sourceTree = "<group>";
		};
		913686612A56F10700C85A37 /* SHBreedPedia */ = {
			isa = PBXGroup;
			children = (
				9136869F2A56F40100C85A37 /* Base */,
				9136869E2A56F3F700C85A37 /* Views */,
				9136869D2A56F3EE00C85A37 /* Models */,
				9136869B2A56F3DF00C85A37 /* Resources */,
				9136869A2A56F3D500C85A37 /* Utils */,
			);
			path = SHBreedPedia;
			sourceTree = "<group>";
		};
		9136867B2A56F10B00C85A37 /* SHBreedPediaTests */ = {
			isa = PBXGroup;
			children = (
				9136867C2A56F10B00C85A37 /* SHBreedPediaTests.swift */,
			);
			path = SHBreedPediaTests;
			sourceTree = "<group>";
		};
		913686852A56F10B00C85A37 /* SHBreedPediaUITests */ = {
			isa = PBXGroup;
			children = (
				913686862A56F10B00C85A37 /* SHBreedPediaUITests.swift */,
				913686882A56F10B00C85A37 /* SHBreedPediaUITestsLaunchTests.swift */,
			);
			path = SHBreedPediaUITests;
			sourceTree = "<group>";
		};
		9136869A2A56F3D500C85A37 /* Utils */ = {
			isa = PBXGroup;
			children = (
				913686BC2A57042200C85A37 /* Extensions */,
				913686BB2A5703E600C85A37 /* Publishers */,
			);
			path = Utils;
			sourceTree = "<group>";
		};
		9136869B2A56F3DF00C85A37 /* Resources */ = {
			isa = PBXGroup;
			children = (
				9136866B2A56F10700C85A37 /* SHBreedPedia.xcdatamodeld */,
				9136866E2A56F10B00C85A37 /* Assets.xcassets */,
				913686702A56F10B00C85A37 /* LaunchScreen.storyboard */,
				913686732A56F10B00C85A37 /* Info.plist */,
			);
			path = Resources;
			sourceTree = "<group>";
		};
		9136869D2A56F3EE00C85A37 /* Models */ = {
			isa = PBXGroup;
			children = (
				913686B52A56F77300C85A37 /* Breed */,
				913686B92A56F80B00C85A37 /* APIService.swift */,
			);
			path = Models;
			sourceTree = "<group>";
		};
		9136869E2A56F3F700C85A37 /* Views */ = {
			isa = PBXGroup;
			children = (
				913686A22A56F43000C85A37 /* BreedList */,
				913686A32A56F43C00C85A37 /* BreedSearch */,
				913686A42A56F45F00C85A37 /* BreedDetail */,
			);
			path = Views;
			sourceTree = "<group>";
		};
		9136869F2A56F40100C85A37 /* Base */ = {
			isa = PBXGroup;
			children = (
				913686622A56F10700C85A37 /* AppDelegate.swift */,
				913686642A56F10700C85A37 /* SceneDelegate.swift */,
				913686A02A56F41B00C85A37 /* Coordinator.swift */,
			);
			path = Base;
			sourceTree = "<group>";
		};
		913686A22A56F43000C85A37 /* BreedList */ = {
			isa = PBXGroup;
			children = (
				913686B32A56F52F00C85A37 /* BreedListViewController.swift */,
			);
			path = BreedList;
			sourceTree = "<group>";
		};
		913686A32A56F43C00C85A37 /* BreedSearch */ = {
			isa = PBXGroup;
			children = (
				913686B12A56F52300C85A37 /* BreedSearchViewController.swift */,
			);
			path = BreedSearch;
			sourceTree = "<group>";
		};
		913686A42A56F45F00C85A37 /* BreedDetail */ = {
			isa = PBXGroup;
			children = (
				913686AF2A56F51500C85A37 /* BreedDetailViewController.swift */,
			);
			path = BreedDetail;
			sourceTree = "<group>";
		};
		913686B52A56F77300C85A37 /* Breed */ = {
			isa = PBXGroup;
			children = (
				913686B62A56F78D00C85A37 /* Breed.swift */,
			);
			path = Breed;
			sourceTree = "<group>";
		};
		913686BB2A5703E600C85A37 /* Publishers */ = {
			isa = PBXGroup;
			children = (
				913686A82A56F4DE00C85A37 /* ButtonPublisher.swift */,
				913686A62A56F4DE00C85A37 /* TextFieldPublisher.swift */,
			);
			path = Publishers;
			sourceTree = "<group>";
		};
		913686BC2A57042200C85A37 /* Extensions */ = {
			isa = PBXGroup;
			children = (
				913686A52A56F4DE00C85A37 /* UIColor+Extension.swift */,
				913686A72A56F4DE00C85A37 /* UIStackView+Extension.swift */,
				913686A92A56F4DF00C85A37 /* UIView+Extension.Constraints.swift */,
			);
			path = Extensions;
			sourceTree = "<group>";
		};
/* End PBXGroup section */

/* Begin PBXNativeTarget section */
		9136865E2A56F10700C85A37 /* SHBreedPedia */ = {
			isa = PBXNativeTarget;
			buildConfigurationList = 9136868C2A56F10B00C85A37 /* Build configuration list for PBXNativeTarget "SHBreedPedia" */;
			buildPhases = (
				9136865B2A56F10700C85A37 /* Sources */,
				9136865C2A56F10700C85A37 /* Frameworks */,
				9136865D2A56F10700C85A37 /* Resources */,
			);
			buildRules = (
			);
			dependencies = (
			);
			name = SHBreedPedia;
			packageProductDependencies = (
				913686BE2A5712AF00C85A37 /* Kingfisher */,
			);
			productName = SHBreedPedia;
			productReference = 9136865F2A56F10700C85A37 /* SHBreedPedia.app */;
			productType = "com.apple.product-type.application";
		};
		913686772A56F10B00C85A37 /* SHBreedPediaTests */ = {
			isa = PBXNativeTarget;
			buildConfigurationList = 9136868F2A56F10B00C85A37 /* Build configuration list for PBXNativeTarget "SHBreedPediaTests" */;
			buildPhases = (
				913686742A56F10B00C85A37 /* Sources */,
				913686752A56F10B00C85A37 /* Frameworks */,
				913686762A56F10B00C85A37 /* Resources */,
			);
			buildRules = (
			);
			dependencies = (
				9136867A2A56F10B00C85A37 /* PBXTargetDependency */,
			);
			name = SHBreedPediaTests;
			productName = SHBreedPediaTests;
			productReference = 913686782A56F10B00C85A37 /* SHBreedPediaTests.xctest */;
			productType = "com.apple.product-type.bundle.unit-test";
		};
		913686812A56F10B00C85A37 /* SHBreedPediaUITests */ = {
			isa = PBXNativeTarget;
			buildConfigurationList = 913686922A56F10B00C85A37 /* Build configuration list for PBXNativeTarget "SHBreedPediaUITests" */;
			buildPhases = (
				9136867E2A56F10B00C85A37 /* Sources */,
				9136867F2A56F10B00C85A37 /* Frameworks */,
				913686802A56F10B00C85A37 /* Resources */,
			);
			buildRules = (
			);
			dependencies = (
				913686842A56F10B00C85A37 /* PBXTargetDependency */,
			);
			name = SHBreedPediaUITests;
			productName = SHBreedPediaUITests;
			productReference = 913686822A56F10B00C85A37 /* SHBreedPediaUITests.xctest */;
			productType = "com.apple.product-type.bundle.ui-testing";
		};
/* End PBXNativeTarget section */

/* Begin PBXProject section */
		913686572A56F10700C85A37 /* Project object */ = {
			isa = PBXProject;
			attributes = {
				BuildIndependentTargetsInParallel = 1;
				LastSwiftUpdateCheck = 1430;
				LastUpgradeCheck = 1430;
				TargetAttributes = {
					9136865E2A56F10700C85A37 = {
						CreatedOnToolsVersion = 14.3.1;
					};
					913686772A56F10B00C85A37 = {
						CreatedOnToolsVersion = 14.3.1;
						TestTargetID = 9136865E2A56F10700C85A37;
					};
					913686812A56F10B00C85A37 = {
						CreatedOnToolsVersion = 14.3.1;
						TestTargetID = 9136865E2A56F10700C85A37;
					};
				};
			};
			buildConfigurationList = 9136865A2A56F10700C85A37 /* Build configuration list for PBXProject "SHBreedPedia" */;
			compatibilityVersion = "Xcode 14.0";
			developmentRegion = en;
			hasScannedForEncodings = 0;
			knownRegions = (
				en,
				Base,
			);
			mainGroup = 913686562A56F10700C85A37;
			packageReferences = (
				913686BD2A5712AF00C85A37 /* XCRemoteSwiftPackageReference "Kingfisher" */,
			);
			productRefGroup = 913686602A56F10700C85A37 /* Products */;
			projectDirPath = "";
			projectRoot = "";
			targets = (
				9136865E2A56F10700C85A37 /* SHBreedPedia */,
				913686772A56F10B00C85A37 /* SHBreedPediaTests */,
				913686812A56F10B00C85A37 /* SHBreedPediaUITests */,
			);
		};
/* End PBXProject section */

/* Begin PBXResourcesBuildPhase section */
		9136865D2A56F10700C85A37 /* Resources */ = {
			isa = PBXResourcesBuildPhase;
			buildActionMask = 2147483647;
			files = (
				913686722A56F10B00C85A37 /* LaunchScreen.storyboard in Resources */,
				9136866F2A56F10B00C85A37 /* Assets.xcassets in Resources */,
				913686972A56F14700C85A37 /* README.md in Resources */,
				913686982A56F14700C85A37 /* LICENSE in Resources */,
			);
			runOnlyForDeploymentPostprocessing = 0;
		};
		913686762A56F10B00C85A37 /* Resources */ = {
			isa = PBXResourcesBuildPhase;
			buildActionMask = 2147483647;
			files = (
			);
			runOnlyForDeploymentPostprocessing = 0;
		};
		913686802A56F10B00C85A37 /* Resources */ = {
			isa = PBXResourcesBuildPhase;
			buildActionMask = 2147483647;
			files = (
			);
			runOnlyForDeploymentPostprocessing = 0;
		};
/* End PBXResourcesBuildPhase section */

/* Begin PBXSourcesBuildPhase section */
		9136865B2A56F10700C85A37 /* Sources */ = {
			isa = PBXSourcesBuildPhase;
			buildActionMask = 2147483647;
			files = (
				913686AB2A56F4DF00C85A37 /* TextFieldPublisher.swift in Sources */,
				913686B72A56F78D00C85A37 /* Breed.swift in Sources */,
				913686B42A56F52F00C85A37 /* BreedListViewController.swift in Sources */,
				913686B02A56F51500C85A37 /* BreedDetailViewController.swift in Sources */,
				913686AC2A56F4DF00C85A37 /* UIStackView+Extension.swift in Sources */,
				9136866D2A56F10700C85A37 /* SHBreedPedia.xcdatamodeld in Sources */,
				913686B22A56F52300C85A37 /* BreedSearchViewController.swift in Sources */,
				913686A12A56F41B00C85A37 /* Coordinator.swift in Sources */,
				913686BA2A56F80C00C85A37 /* APIService.swift in Sources */,
				913686AA2A56F4DF00C85A37 /* UIColor+Extension.swift in Sources */,
				913686AD2A56F4DF00C85A37 /* ButtonPublisher.swift in Sources */,
				913686AE2A56F4DF00C85A37 /* UIView+Extension.Constraints.swift in Sources */,
				913686632A56F10700C85A37 /* AppDelegate.swift in Sources */,
				913686652A56F10700C85A37 /* SceneDelegate.swift in Sources */,
			);
			runOnlyForDeploymentPostprocessing = 0;
		};
		913686742A56F10B00C85A37 /* Sources */ = {
			isa = PBXSourcesBuildPhase;
			buildActionMask = 2147483647;
			files = (
				9136867D2A56F10B00C85A37 /* SHBreedPediaTests.swift in Sources */,
			);
			runOnlyForDeploymentPostprocessing = 0;
		};
		9136867E2A56F10B00C85A37 /* Sources */ = {
			isa = PBXSourcesBuildPhase;
			buildActionMask = 2147483647;
			files = (
				913686892A56F10B00C85A37 /* SHBreedPediaUITestsLaunchTests.swift in Sources */,
				913686872A56F10B00C85A37 /* SHBreedPediaUITests.swift in Sources */,
			);
			runOnlyForDeploymentPostprocessing = 0;
		};
/* End PBXSourcesBuildPhase section */

/* Begin PBXTargetDependency section */
		9136867A2A56F10B00C85A37 /* PBXTargetDependency */ = {
			isa = PBXTargetDependency;
			target = 9136865E2A56F10700C85A37 /* SHBreedPedia */;
			targetProxy = 913686792A56F10B00C85A37 /* PBXContainerItemProxy */;
		};
		913686842A56F10B00C85A37 /* PBXTargetDependency */ = {
			isa = PBXTargetDependency;
			target = 9136865E2A56F10700C85A37 /* SHBreedPedia */;
			targetProxy = 913686832A56F10B00C85A37 /* PBXContainerItemProxy */;
		};
/* End PBXTargetDependency section */

/* Begin PBXVariantGroup section */
		913686702A56F10B00C85A37 /* LaunchScreen.storyboard */ = {
			isa = PBXVariantGroup;
			children = (
				913686712A56F10B00C85A37 /* Base */,
			);
			name = LaunchScreen.storyboard;
			sourceTree = "<group>";
		};
/* End PBXVariantGroup section */

/* Begin XCBuildConfiguration section */
		9136868A2A56F10B00C85A37 /* Debug */ = {
			isa = XCBuildConfiguration;
			buildSettings = {
				ALWAYS_SEARCH_USER_PATHS = NO;
				CLANG_ANALYZER_NONNULL = YES;
				CLANG_ANALYZER_NUMBER_OBJECT_CONVERSION = YES_AGGRESSIVE;
				CLANG_CXX_LANGUAGE_STANDARD = "gnu++20";
				CLANG_ENABLE_MODULES = YES;
				CLANG_ENABLE_OBJC_ARC = YES;
				CLANG_ENABLE_OBJC_WEAK = YES;
				CLANG_WARN_BLOCK_CAPTURE_AUTORELEASING = YES;
				CLANG_WARN_BOOL_CONVERSION = YES;
				CLANG_WARN_COMMA = YES;
				CLANG_WARN_CONSTANT_CONVERSION = YES;
				CLANG_WARN_DEPRECATED_OBJC_IMPLEMENTATIONS = YES;
				CLANG_WARN_DIRECT_OBJC_ISA_USAGE = YES_ERROR;
				CLANG_WARN_DOCUMENTATION_COMMENTS = YES;
				CLANG_WARN_EMPTY_BODY = YES;
				CLANG_WARN_ENUM_CONVERSION = YES;
				CLANG_WARN_INFINITE_RECURSION = YES;
				CLANG_WARN_INT_CONVERSION = YES;
				CLANG_WARN_NON_LITERAL_NULL_CONVERSION = YES;
				CLANG_WARN_OBJC_IMPLICIT_RETAIN_SELF = YES;
				CLANG_WARN_OBJC_LITERAL_CONVERSION = YES;
				CLANG_WARN_OBJC_ROOT_CLASS = YES_ERROR;
				CLANG_WARN_QUOTED_INCLUDE_IN_FRAMEWORK_HEADER = YES;
				CLANG_WARN_RANGE_LOOP_ANALYSIS = YES;
				CLANG_WARN_STRICT_PROTOTYPES = YES;
				CLANG_WARN_SUSPICIOUS_MOVE = YES;
				CLANG_WARN_UNGUARDED_AVAILABILITY = YES_AGGRESSIVE;
				CLANG_WARN_UNREACHABLE_CODE = YES;
				CLANG_WARN__DUPLICATE_METHOD_MATCH = YES;
				COPY_PHASE_STRIP = NO;
				DEBUG_INFORMATION_FORMAT = dwarf;
				ENABLE_STRICT_OBJC_MSGSEND = YES;
				ENABLE_TESTABILITY = YES;
				GCC_C_LANGUAGE_STANDARD = gnu11;
				GCC_DYNAMIC_NO_PIC = NO;
				GCC_NO_COMMON_BLOCKS = YES;
				GCC_OPTIMIZATION_LEVEL = 0;
				GCC_PREPROCESSOR_DEFINITIONS = (
					"DEBUG=1",
					"$(inherited)",
				);
				GCC_WARN_64_TO_32_BIT_CONVERSION = YES;
				GCC_WARN_ABOUT_RETURN_TYPE = YES_ERROR;
				GCC_WARN_UNDECLARED_SELECTOR = YES;
				GCC_WARN_UNINITIALIZED_AUTOS = YES_AGGRESSIVE;
				GCC_WARN_UNUSED_FUNCTION = YES;
				GCC_WARN_UNUSED_VARIABLE = YES;
				IPHONEOS_DEPLOYMENT_TARGET = 16.4;
				MTL_ENABLE_DEBUG_INFO = INCLUDE_SOURCE;
				MTL_FAST_MATH = YES;
				ONLY_ACTIVE_ARCH = YES;
				SDKROOT = iphoneos;
				SWIFT_ACTIVE_COMPILATION_CONDITIONS = DEBUG;
				SWIFT_OPTIMIZATION_LEVEL = "-Onone";
			};
			name = Debug;
		};
		9136868B2A56F10B00C85A37 /* Release */ = {
			isa = XCBuildConfiguration;
			buildSettings = {
				ALWAYS_SEARCH_USER_PATHS = NO;
				CLANG_ANALYZER_NONNULL = YES;
				CLANG_ANALYZER_NUMBER_OBJECT_CONVERSION = YES_AGGRESSIVE;
				CLANG_CXX_LANGUAGE_STANDARD = "gnu++20";
				CLANG_ENABLE_MODULES = YES;
				CLANG_ENABLE_OBJC_ARC = YES;
				CLANG_ENABLE_OBJC_WEAK = YES;
				CLANG_WARN_BLOCK_CAPTURE_AUTORELEASING = YES;
				CLANG_WARN_BOOL_CONVERSION = YES;
				CLANG_WARN_COMMA = YES;
				CLANG_WARN_CONSTANT_CONVERSION = YES;
				CLANG_WARN_DEPRECATED_OBJC_IMPLEMENTATIONS = YES;
				CLANG_WARN_DIRECT_OBJC_ISA_USAGE = YES_ERROR;
				CLANG_WARN_DOCUMENTATION_COMMENTS = YES;
				CLANG_WARN_EMPTY_BODY = YES;
				CLANG_WARN_ENUM_CONVERSION = YES;
				CLANG_WARN_INFINITE_RECURSION = YES;
				CLANG_WARN_INT_CONVERSION = YES;
				CLANG_WARN_NON_LITERAL_NULL_CONVERSION = YES;
				CLANG_WARN_OBJC_IMPLICIT_RETAIN_SELF = YES;
				CLANG_WARN_OBJC_LITERAL_CONVERSION = YES;
				CLANG_WARN_OBJC_ROOT_CLASS = YES_ERROR;
				CLANG_WARN_QUOTED_INCLUDE_IN_FRAMEWORK_HEADER = YES;
				CLANG_WARN_RANGE_LOOP_ANALYSIS = YES;
				CLANG_WARN_STRICT_PROTOTYPES = YES;
				CLANG_WARN_SUSPICIOUS_MOVE = YES;
				CLANG_WARN_UNGUARDED_AVAILABILITY = YES_AGGRESSIVE;
				CLANG_WARN_UNREACHABLE_CODE = YES;
				CLANG_WARN__DUPLICATE_METHOD_MATCH = YES;
				COPY_PHASE_STRIP = NO;
				DEBUG_INFORMATION_FORMAT = "dwarf-with-dsym";
				ENABLE_NS_ASSERTIONS = NO;
				ENABLE_STRICT_OBJC_MSGSEND = YES;
				GCC_C_LANGUAGE_STANDARD = gnu11;
				GCC_NO_COMMON_BLOCKS = YES;
				GCC_WARN_64_TO_32_BIT_CONVERSION = YES;
				GCC_WARN_ABOUT_RETURN_TYPE = YES_ERROR;
				GCC_WARN_UNDECLARED_SELECTOR = YES;
				GCC_WARN_UNINITIALIZED_AUTOS = YES_AGGRESSIVE;
				GCC_WARN_UNUSED_FUNCTION = YES;
				GCC_WARN_UNUSED_VARIABLE = YES;
				IPHONEOS_DEPLOYMENT_TARGET = 16.4;
				MTL_ENABLE_DEBUG_INFO = NO;
				MTL_FAST_MATH = YES;
				SDKROOT = iphoneos;
				SWIFT_COMPILATION_MODE = wholemodule;
				SWIFT_OPTIMIZATION_LEVEL = "-O";
				VALIDATE_PRODUCT = YES;
			};
			name = Release;
		};
		9136868D2A56F10B00C85A37 /* Debug */ = {
			isa = XCBuildConfiguration;
			buildSettings = {
				ASSETCATALOG_COMPILER_APPICON_NAME = AppIcon;
				ASSETCATALOG_COMPILER_GLOBAL_ACCENT_COLOR_NAME = AccentColor;
				CODE_SIGN_STYLE = Automatic;
				CURRENT_PROJECT_VERSION = 1;
				DEVELOPMENT_TEAM = 7NHAWA2FZV;
				GENERATE_INFOPLIST_FILE = YES;
				INFOPLIST_FILE = SHBreedPedia/Resources/Info.plist;
				INFOPLIST_KEY_UIApplicationSupportsIndirectInputEvents = YES;
				INFOPLIST_KEY_UILaunchStoryboardName = LaunchScreen;
				INFOPLIST_KEY_UISupportedInterfaceOrientations = UIInterfaceOrientationPortrait;
				IPHONEOS_DEPLOYMENT_TARGET = 16.0;
				LD_RUNPATH_SEARCH_PATHS = (
					"$(inherited)",
					"@executable_path/Frameworks",
				);
				MARKETING_VERSION = 1.0;
				PRODUCT_BUNDLE_IDENTIFIER = viniciusgibran.SHBreedPedia;
				PRODUCT_NAME = "$(TARGET_NAME)";
				SUPPORTED_PLATFORMS = "iphoneos iphonesimulator";
				SUPPORTS_MACCATALYST = NO;
				SUPPORTS_MAC_DESIGNED_FOR_IPHONE_IPAD = NO;
				SWIFT_EMIT_LOC_STRINGS = YES;
				SWIFT_VERSION = 5.0;
				TARGETED_DEVICE_FAMILY = 1;
			};
			name = Debug;
		};
		9136868E2A56F10B00C85A37 /* Release */ = {
			isa = XCBuildConfiguration;
			buildSettings = {
				ASSETCATALOG_COMPILER_APPICON_NAME = AppIcon;
				ASSETCATALOG_COMPILER_GLOBAL_ACCENT_COLOR_NAME = AccentColor;
				CODE_SIGN_STYLE = Automatic;
				CURRENT_PROJECT_VERSION = 1;
				DEVELOPMENT_TEAM = 7NHAWA2FZV;
				GENERATE_INFOPLIST_FILE = YES;
				INFOPLIST_FILE = SHBreedPedia/Resources/Info.plist;
				INFOPLIST_KEY_UIApplicationSupportsIndirectInputEvents = YES;
				INFOPLIST_KEY_UILaunchStoryboardName = LaunchScreen;
				INFOPLIST_KEY_UISupportedInterfaceOrientations = UIInterfaceOrientationPortrait;
				IPHONEOS_DEPLOYMENT_TARGET = 16.0;
				LD_RUNPATH_SEARCH_PATHS = (
					"$(inherited)",
					"@executable_path/Frameworks",
				);
				MARKETING_VERSION = 1.0;
				PRODUCT_BUNDLE_IDENTIFIER = viniciusgibran.SHBreedPedia;
				PRODUCT_NAME = "$(TARGET_NAME)";
				SUPPORTED_PLATFORMS = "iphoneos iphonesimulator";
				SUPPORTS_MACCATALYST = NO;
				SUPPORTS_MAC_DESIGNED_FOR_IPHONE_IPAD = NO;
				SWIFT_EMIT_LOC_STRINGS = YES;
				SWIFT_VERSION = 5.0;
				TARGETED_DEVICE_FAMILY = 1;
			};
			name = Release;
		};
		913686902A56F10B00C85A37 /* Debug */ = {
			isa = XCBuildConfiguration;
			buildSettings = {
				ALWAYS_EMBED_SWIFT_STANDARD_LIBRARIES = YES;
				BUNDLE_LOADER = "$(TEST_HOST)";
				CODE_SIGN_STYLE = Automatic;
				CURRENT_PROJECT_VERSION = 1;
				DEVELOPMENT_TEAM = 7NHAWA2FZV;
				GENERATE_INFOPLIST_FILE = YES;
				IPHONEOS_DEPLOYMENT_TARGET = 16.4;
				MARKETING_VERSION = 1.0;
				PRODUCT_BUNDLE_IDENTIFIER = viniciusgibran.SHBreedPediaTests;
				PRODUCT_NAME = "$(TARGET_NAME)";
				SWIFT_EMIT_LOC_STRINGS = NO;
				SWIFT_VERSION = 5.0;
				TARGETED_DEVICE_FAMILY = "1,2";
				TEST_HOST = "$(BUILT_PRODUCTS_DIR)/SHBreedPedia.app/$(BUNDLE_EXECUTABLE_FOLDER_PATH)/SHBreedPedia";
			};
			name = Debug;
		};
		913686912A56F10B00C85A37 /* Release */ = {
			isa = XCBuildConfiguration;
			buildSettings = {
				ALWAYS_EMBED_SWIFT_STANDARD_LIBRARIES = YES;
				BUNDLE_LOADER = "$(TEST_HOST)";
				CODE_SIGN_STYLE = Automatic;
				CURRENT_PROJECT_VERSION = 1;
				DEVELOPMENT_TEAM = 7NHAWA2FZV;
				GENERATE_INFOPLIST_FILE = YES;
				IPHONEOS_DEPLOYMENT_TARGET = 16.4;
				MARKETING_VERSION = 1.0;
				PRODUCT_BUNDLE_IDENTIFIER = viniciusgibran.SHBreedPediaTests;
				PRODUCT_NAME = "$(TARGET_NAME)";
				SWIFT_EMIT_LOC_STRINGS = NO;
				SWIFT_VERSION = 5.0;
				TARGETED_DEVICE_FAMILY = "1,2";
				TEST_HOST = "$(BUILT_PRODUCTS_DIR)/SHBreedPedia.app/$(BUNDLE_EXECUTABLE_FOLDER_PATH)/SHBreedPedia";
			};
			name = Release;
		};
		913686932A56F10B00C85A37 /* Debug */ = {
			isa = XCBuildConfiguration;
			buildSettings = {
				ALWAYS_EMBED_SWIFT_STANDARD_LIBRARIES = YES;
				CODE_SIGN_STYLE = Automatic;
				CURRENT_PROJECT_VERSION = 1;
				DEVELOPMENT_TEAM = 7NHAWA2FZV;
				GENERATE_INFOPLIST_FILE = YES;
				MARKETING_VERSION = 1.0;
				PRODUCT_BUNDLE_IDENTIFIER = viniciusgibran.SHBreedPediaUITests;
				PRODUCT_NAME = "$(TARGET_NAME)";
				SWIFT_EMIT_LOC_STRINGS = NO;
				SWIFT_VERSION = 5.0;
				TARGETED_DEVICE_FAMILY = "1,2";
				TEST_TARGET_NAME = SHBreedPedia;
			};
			name = Debug;
		};
		913686942A56F10B00C85A37 /* Release */ = {
			isa = XCBuildConfiguration;
			buildSettings = {
				ALWAYS_EMBED_SWIFT_STANDARD_LIBRARIES = YES;
				CODE_SIGN_STYLE = Automatic;
				CURRENT_PROJECT_VERSION = 1;
				DEVELOPMENT_TEAM = 7NHAWA2FZV;
				GENERATE_INFOPLIST_FILE = YES;
				MARKETING_VERSION = 1.0;
				PRODUCT_BUNDLE_IDENTIFIER = viniciusgibran.SHBreedPediaUITests;
				PRODUCT_NAME = "$(TARGET_NAME)";
				SWIFT_EMIT_LOC_STRINGS = NO;
				SWIFT_VERSION = 5.0;
				TARGETED_DEVICE_FAMILY = "1,2";
				TEST_TARGET_NAME = SHBreedPedia;
			};
			name = Release;
		};
/* End XCBuildConfiguration section */

/* Begin XCConfigurationList section */
		9136865A2A56F10700C85A37 /* Build configuration list for PBXProject "SHBreedPedia" */ = {
			isa = XCConfigurationList;
			buildConfigurations = (
				9136868A2A56F10B00C85A37 /* Debug */,
				9136868B2A56F10B00C85A37 /* Release */,
			);
			defaultConfigurationIsVisible = 0;
			defaultConfigurationName = Release;
		};
		9136868C2A56F10B00C85A37 /* Build configuration list for PBXNativeTarget "SHBreedPedia" */ = {
			isa = XCConfigurationList;
			buildConfigurations = (
				9136868D2A56F10B00C85A37 /* Debug */,
				9136868E2A56F10B00C85A37 /* Release */,
			);
			defaultConfigurationIsVisible = 0;
			defaultConfigurationName = Release;
		};
		9136868F2A56F10B00C85A37 /* Build configuration list for PBXNativeTarget "SHBreedPediaTests" */ = {
			isa = XCConfigurationList;
			buildConfigurations = (
				913686902A56F10B00C85A37 /* Debug */,
				913686912A56F10B00C85A37 /* Release */,
			);
			defaultConfigurationIsVisible = 0;
			defaultConfigurationName = Release;
		};
		913686922A56F10B00C85A37 /* Build configuration list for PBXNativeTarget "SHBreedPediaUITests" */ = {
			isa = XCConfigurationList;
			buildConfigurations = (
				913686932A56F10B00C85A37 /* Debug */,
				913686942A56F10B00C85A37 /* Release */,
			);
			defaultConfigurationIsVisible = 0;
			defaultConfigurationName = Release;
		};
/* End XCConfigurationList section */

/* Begin XCRemoteSwiftPackageReference section */
		913686BD2A5712AF00C85A37 /* XCRemoteSwiftPackageReference "Kingfisher" */ = {
			isa = XCRemoteSwiftPackageReference;
			repositoryURL = "https://github.com/onevcat/Kingfisher.git";
			requirement = {
				kind = upToNextMajorVersion;
				minimumVersion = 7.0.0;
			};
		};
/* End XCRemoteSwiftPackageReference section */

/* Begin XCSwiftPackageProductDependency section */
		913686BE2A5712AF00C85A37 /* Kingfisher */ = {
			isa = XCSwiftPackageProductDependency;
			package = 913686BD2A5712AF00C85A37 /* XCRemoteSwiftPackageReference "Kingfisher" */;
			productName = Kingfisher;
		};
/* End XCSwiftPackageProductDependency section */

/* Begin XCVersionGroup section */
		9136866B2A56F10700C85A37 /* SHBreedPedia.xcdatamodeld */ = {
			isa = XCVersionGroup;
			children = (
				9136866C2A56F10700C85A37 /* SHBreedPedia.xcdatamodel */,
			);
			currentVersion = 9136866C2A56F10700C85A37 /* SHBreedPedia.xcdatamodel */;
			path = SHBreedPedia.xcdatamodeld;
			sourceTree = "<group>";
			versionGroupType = wrapper.xcdatamodel;
		};
/* End XCVersionGroup section */
	};
	rootObject = 913686572A56F10700C85A37 /* Project object */;
}
